{
    "version": 3,
    "terraform_version": "0.11.10",
    "serial": 8,
    "lineage": "1f2379d6-6708-7769-627e-aa6a163d3cb7",
    "modules": [
        {
            "path": [
                "root"
            ],
            "outputs": {},
            "resources": {
                "aws_iam_access_key.circleci-access-key": {
                    "type": "aws_iam_access_key",
                    "depends_on": [
                        "aws_iam_user.circleci"
                    ],
                    "primary": {
                        "id": "AKIAI7ARJ67T6COPULVQ",
                        "attributes": {
                            "encrypted_secret": "wcFMA1IBEq5U0otlARAAM7ojYaFrs84yjrjiPiPzuN4Lx6XBuqEiBr5Q/hBuvH18X9HiVv+Ss05udPr2GHQxDX4xMI5nkMlY89100lGX3XGrrOnb9rV79+/I05lDyYAS/IwPY6E/zGrxYCO9WpW6Q3TadRJg4HTzobPrMRvss2nOHmpo8mvk/PiEMt99YbkT2hqUC69+obi340ZAQ6XyXaap/wp2dGlq5fcg/EHlBQsCWFp9DdIJpjZwkY52xcmohe+35plLtHpLvwDbXsRNLNz+7egrZIrVPBa9T4LwBtESiJlkuFFkWW0EPZdnMfenuRw0OQ3nNzmpII3/yPmOq6bks1mdtpzuQmQ0vx74SM+VHWHPEBVXnQiiKq6642VHL4YWLhqXlkvgno4KxkU6HCiOPsQTjiaae4S22a1Wid48OnhNNSu2vjqvcs9OCicvelxiDLxBGj2lglR0ZN4i1vp3ejIo36S79CwT6KEN40IGR1dGMEOiau0AB4xddNUjHHHBbmvl+/dllQOUmiDh0UIFGiTifLvFnEjXOXfobHeVa4l1d+sR0siDjUxuzSdmjMjxDd1ddsFRoqriCPFzESmyR0H8db+GRhZAGqy/JwPvfad/wsy1/ADswyD5sXyKYDf7tfUtv2V+9gPjMvWMBO0E/5sRkmbfd6t9otBXsuMqaweg52Wx0iEasmreIo3S4AHkUeo1GRz9Nvq1jNjx8Zjf4OFA6eAf4PHhbhvgbeLPckZ24IvlBWCxYdHsOGqlZh7ZFuqJDn4rbnjsMj/ztknID7Y5Vfvg3ONfFx2gFV2nceBb5MSEtvYCAl3KiBh+LwJaHDHi2uCyC+FbPgA=",
                            "id": "AKIAI7ARJ67T6COPULVQ",
                            "key_fingerprint": "ee272acf95bf698607b876f32f360af44caa1fa5",
                            "pgp_key": "mQINBFv2dBoBEACxLkR/QazNyOf9aXrqUy9ZjCA4CvJwNVOWKT/o8lFJc39//UAgpsBBvL+7spCrU6OhFZiH56MceRS5UE4sHoAGjLKY5rg+7ZMeNkA1v7+kiWYTjUpNzItodwS2UgioEuPljJTmU3Vpx6UDV8DoJpZgOgn1J84/TBYDmx85ybJlmuynrHMlyoiF2tEqq4MCuzrZFMKgkFkRzBzlpLmT8RTROPkaq4a+bU14A6waz1wL1X0DQNDVTj0GRy5KyrPOla+Dz3GsNJm7Lruhzn8VbfHWJi1IyQaoO+yiJiHsrWbYfMPyyMVWC9k2Lt05b7tFDFadKbEpqNpaYNNOgCJwDKNqAUQhqNcH1k2xbc8HY5xJXXPSD5WyHeehEUY7PxDlQO6HqH2tFBu6YVMD0n+7ahaqHa36XmS55RZhpIuPlmOc+HbfptFouJo9Xks99122ad2AS27vYmfZqn0RK+QipVENSQ2/PS2hhyTu90dIqHTRx2oq+f0GPHruwVFQbFMyxD+Y5YN1Elnfrf/lezVJXvRyGWqSK5978EGlb5OD81xcHOXHsW96wRos2neSpmau4UIbbmg8xa2PCTAZnpL7QBpMy5TZRpJRpXAGFYhSKYn66DwbQfZ1VCFCNiEzbiQWtGFyeKxJba1sBXckCMNJOR1dUfQBBBGP9IDMCjud59Nk4QARAQABtCFjaXJjbGVjaSA8Y2lyY2xlY2lAbXlieXRlc25pLmNvbT6JAk4EEwEIADgWIQTuJyrPlb9phge4dvMvNgr0TKofpQUCW/Z0GgIbAwULCQgHAgYVCgkICwIEFgIDAQIeAQIXgAAKCRAvNgr0TKofpT+gD/9zOiorxcmQ5A/1D6C98T+Cu0bpwXRkKaJhQCdQDq2fyZUvOQ7v6SqUDH6YXZixcJNJRRdviY5eqiRwfv+tql35gNPWkVBREBkJojlDc86wvFR31AykZK1gIFpF7aYiQXcd/xrq9mmx3Ow+Z+GDnXUmsra1Z1RAQVlPdeI9I9R2shj3I6/iWKjRqhB4dfgcZYtny6/wpqk3pG+K9Ad63MYDgCNC7yGpoTNPqa5mvOV4aNOueTBA4GoiroaJdQkbwzpPy0C+fuPsf7uAYnjpu1HIh04aWyybyiIFx82nxLAGRpSBk/kXozFQn3Trk2RlnYhwFB71Axk86dI1F8CzwXgMYdJ6cmfssZBaq9dSVCDAzFAMHqZsMtBH46r11TrIPXTUjjksPqrBlOqdOhCi1W15UZf0W2RxdHh+5xQ0lAEebAhvxCU8CpVPIL8Mi03+7ERJczavzLATYJgF5MCkNT6vA+lXOcUe7opcsw9sCRHqMpCUBQWYJg06OxLg5GiNvKt8xF4wYnlaNoSx1p31DM7ea2Tn0Tu52Sc+qqBIXs5xeSz61R7wQHKKWk5UII3Gbedrd/Vfo/9/2M8QdO4AyPvoffF5JaHpc2FXhgoizVZ7/Wd8c5xhVfzH+0gqiEQWHnI+i0KE47cN6OvQolnEIHpWgPRYcec3ZaPwz8zogM/L/rkCDQRb9nQaARAAwGQ44FBn0lCkiiG1gmUjmHPMdngCG3qkTHogGzdYbIZZ8oZPxk5xDfSr/gyGAtNeCwZj79Gjwot1zG2TmHoZW+XjT2aCbAYio5M/ufElp4qvna5drEzPrattalf/UBEaLRBrDYhp5astYohNv4Ww0WKBnWH8DWR486UcIksLDQESiHYKTfPuejmtF2l3JlOR1TSF521rBlArOB12d7/B4POL/u5rcixST0+Jj1zi/eNLys/WaDEyJ3uujRtkGnL0n2tETbzIRGzW/C2YNqLE4e+BQx2kwp7jFpkvLzSj+ATmifytrXoSEDHZ8oPlHzKpVjQFTdRDQPr4HFGXMY5HVUR88tGVoXYfeWWgy+kJIZPV28kBqzj3clMzPqNAgACvqF3dfpNaib1HAb2ZaVHjL3yyNJWpqE3H/r6biWmXlGyzKF5pFnSuYVPwMkav6YB774ULrGRfngXuV0WvQbHL5xb1E+GlqNwMBCu9ekKjxr61pIyxI9fW2R8hXQKvixO8MhvNsTQYdipx6IArV5UXlcIGRySsqr7Rpsy9hIklyJBCDHx7HwUmQ0KiH0f9MhVegylsL3tD8mW7gXzXEqrsS+vmHsvEogr/jVOaJr+dA8UtTpJD7IRHudLZOqa2UEEl5bgLq8TjB/ySf3F5S8PtY9mWLOmQYEGQ+X4HYbWWoHcAEQEAAYkCNgQYAQgAIBYhBO4nKs+Vv2mGB7h28y82CvRMqh+lBQJb9nQaAhsMAAoJEC82CvRMqh+liWkP/3JKZBmcSpFN7n6ZPvatOyWbQyJtKrgT6iRpg/+ODADA3rJvIWqa5LMdVJzz2BdxaAdtVQ4Jl6O4PbcaFFxN97qlkcV7uz6ObLrR0TeI5riz6YMZe2/FkeQWlENuucv3fh9zSSyk2+rtK7BNql5wbGt1AwNz8W0VNGEusP3Xm5sfBYY3RR2BX4M+6wz12HpWbpY44tWzeCZqWyIIgxyFtfjGWt/0rvGEX9vqEg2wVyF57XtMNqsk+ojRcVHTfh/l3iVT6iKXOyit6wYic7uTylmvA1rWNDHGGusXe1F8lyyHeiRh0aVX2vDTEhC1HXxteVZ7+xa4mxCoET8pJIj87g+wb3QA7N9ryENYBTIKO/D8nlaPq+eUMG57q8WrhaD6gV9AYf8QoX03RxgEfkQ1QNUK/eMFlzfDAWlvuXMYgqUjpfqns+NqJvNMyEjib+ZgzKtUVgkWPvMH4fxjyzEtTCkOZZ6tmifzPlbpiKKAq1ijZmXKVs2GuCPOIbEzK1+HQG9cpoRTAgtkPf7Sc/40DdRS8n48DGRzIOE7OFm0wGvE5rZwxpTSP2JiTYS1Qkbj39lH8/28B27d17+Y5r2f5rElpdJMsH3TxrDolQ4arxakej2MXankDjT9pxJumK+P6JWrdi/mQG4G8N35arviQa7m+7DwH20Rs3zllQNJspqi",
                            "ses_smtp_password": "Agl9olYTuhy1ZWQKIhZpaFEa4NBtasbEDL6aZ2Junkxv",
                            "status": "Active",
                            "user": "circleci"
                        },
                        "meta": {},
                        "tainted": false
                    },
                    "deposed": [],
                    "provider": "provider.aws"
                },
                "aws_iam_user.circleci": {
                    "type": "aws_iam_user",
                    "depends_on": [],
                    "primary": {
                        "id": "circleci",
                        "attributes": {
                            "arn": "arn:aws:iam::497693703915:user/circleci",
                            "force_destroy": "false",
                            "id": "circleci",
                            "name": "circleci",
                            "path": "/",
                            "unique_id": "AIDAI43NFTPZH4PYARQNQ"
                        },
                        "meta": {},
                        "tainted": false
                    },
                    "deposed": [],
                    "provider": "provider.aws"
                },
                "aws_iam_user_policy_attachment.circleci-ecr-policy-attachment": {
                    "type": "aws_iam_user_policy_attachment",
                    "depends_on": [
                        "aws_iam_user.circleci"
                    ],
                    "primary": {
                        "id": "circleci-20181122093351556700000001",
                        "attributes": {
                            "id": "circleci-20181122093351556700000001",
                            "policy_arn": "arn:aws:iam::aws:policy/AmazonEC2ContainerRegistryFullAccess",
                            "user": "circleci"
                        },
                        "meta": {},
                        "tainted": false
                    },
                    "deposed": [],
                    "provider": "provider.aws"
                },
                "aws_key_pair.deployer": {
                    "type": "aws_key_pair",
                    "depends_on": [],
                    "primary": {
                        "id": "deployer",
                        "attributes": {
                            "fingerprint": "64:8e:e6:db:1c:71:50:b3:20:25:96:34:44:ea:d6:a2",
                            "id": "deployer",
                            "key_name": "deployer",
                            "public_key": "ssh-rsa AAAAB3NzaC1yc2EAAAADAQABAAACAQC5ANN28P1151DWhWbEtNYgmOWiWTqpiLrq18ZcV3GOdt3KCCyPfQHhhnNMHAH2bSikb+jqwPrMkAIRosPE/XnGjfzLr5Lad71gPloA8J1AoB0ygg0vibm0qOU/LkuLNZHM2Km6SLFbvznvNlsdBHe0C91osAWeGn9kcW3zo95ZXPJipmdxeOkQK/b3DapUjeuO3zFhnX1t32hXrBo925irEhyLHemIU3yza5IgtRdhWvnT622w6VAo6pP7Slc29jG/0bu5R90TlAPLXVQLA4IyJVzM5zY5F8mh/K8bdu3jEJHOVldE8evgoUxOuX6Tr6bmyyCC89+gW87XWUFGTntvhR/h4xJ/j2wH7+SBlcE3LJCHcD/2tpJt5Xwrm4ZpU/tuT3Sd9+zzcNoIoNS7xDjjxQALN3OgxiqLK7jySFzOAMvklV9uYh+H6JmpunJm4f/Td/D+VR3mTjN4DZTNyFDJp8AlPR8WEDHzdSjhfLNnA3Y5GebqYUNQwKubDYytB4MhXBKAhujIQirLeuVUyzSgQXgEkaHOZDCxeP9SgUGrXwMga89br7378OuVPaUMEEuLnsE/VoSpEgb3iaZZE/upVYUPlS+HPzspB6Mrl1WO8uxhlW3+f7i/zlbLxTMSo/3X52Ar3+7+FX8CuITnPTtDZWKDI8YtaXHU6cgIFoDCjQ== edeas123@gmail.com"
                        },
                        "meta": {
                            "schema_version": "1"
                        },
                        "tainted": false
                    },
                    "deposed": [],
                    "provider": "provider.aws"
                },
                "aws_s3_bucket.an-empty-bucket": {
                    "type": "aws_s3_bucket",
                    "depends_on": [],
                    "primary": {
                        "id": "an-empty-bucket",
                        "attributes": {
                            "acceleration_status": "",
                            "acl": "private",
                            "arn": "arn:aws:s3:::an-empty-bucket",
                            "bucket": "an-empty-bucket",
                            "bucket_domain_name": "an-empty-bucket.s3.amazonaws.com",
                            "bucket_regional_domain_name": "an-empty-bucket.s3.ap-southeast-2.amazonaws.com",
                            "cors_rule.#": "0",
                            "force_destroy": "true",
                            "hosted_zone_id": "Z1WCIGYICN2BYD",
                            "id": "an-empty-bucket",
                            "lifecycle_rule.#": "0",
                            "logging.#": "0",
                            "region": "ap-southeast-2",
                            "replication_configuration.#": "0",
                            "request_payer": "BucketOwner",
                            "server_side_encryption_configuration.#": "0",
                            "tags.%": "0",
                            "versioning.#": "1",
                            "versioning.0.enabled": "false",
                            "versioning.0.mfa_delete": "false",
                            "website.#": "0"
                        },
                        "meta": {},
                        "tainted": false
                    },
                    "deposed": [],
                    "provider": "provider.aws.asia"
                },
                "aws_s3_bucket.mybytesni": {
                    "type": "aws_s3_bucket",
                    "depends_on": [],
                    "primary": {
                        "id": "mybytesni",
                        "attributes": {
                            "acceleration_status": "",
                            "acl": "private",
                            "arn": "arn:aws:s3:::mybytesni",
                            "bucket": "mybytesni",
                            "bucket_domain_name": "mybytesni.s3.amazonaws.com",
                            "bucket_regional_domain_name": "mybytesni.s3.amazonaws.com",
                            "cors_rule.#": "0",
                            "force_destroy": "true",
                            "hosted_zone_id": "Z3AQBSTGFYJSTF",
                            "id": "mybytesni",
                            "lifecycle_rule.#": "0",
                            "logging.#": "0",
                            "region": "us-east-1",
                            "replication_configuration.#": "0",
                            "request_payer": "BucketOwner",
                            "server_side_encryption_configuration.#": "0",
                            "tags.%": "0",
                            "versioning.#": "1",
                            "versioning.0.enabled": "false",
                            "versioning.0.mfa_delete": "false",
                            "website.#": "0"
                        },
                        "meta": {},
                        "tainted": false
                    },
                    "deposed": [],
                    "provider": "provider.aws"
                },
                "data.aws_iam_policy_document.s3access-role-policy": {
                    "type": "aws_iam_policy_document",
                    "depends_on": [],
                    "primary": {
                        "id": "1903849331",
                        "attributes": {
                            "id": "1903849331",
                            "json": "{\n  \"Version\": \"2012-10-17\",\n  \"Statement\": [\n    {\n      \"Sid\": \"\",\n      \"Effect\": \"Allow\",\n      \"Action\": \"sts:AssumeRole\",\n      \"Principal\": {\n        \"Service\": \"ec2.amazonaws.com\"\n      }\n    }\n  ]\n}",
                            "statement.#": "1",
                            "statement.0.actions.#": "1",
                            "statement.0.actions.2528466339": "sts:AssumeRole",
                            "statement.0.condition.#": "0",
                            "statement.0.effect": "Allow",
                            "statement.0.not_actions.#": "0",
                            "statement.0.not_principals.#": "0",
                            "statement.0.not_resources.#": "0",
                            "statement.0.principals.#": "1",
                            "statement.0.principals.1134724139.identifiers.#": "1",
                            "statement.0.principals.1134724139.identifiers.3655884555": "ec2.amazonaws.com",
                            "statement.0.principals.1134724139.type": "Service",
                            "statement.0.resources.#": "0",
                            "statement.0.sid": ""
                        },
                        "meta": {},
                        "tainted": false
                    },
                    "deposed": [],
                    "provider": "provider.aws"
                },
                "data.aws_subnet_ids.vpc_subnets": {
                    "type": "aws_subnet_ids",
                    "depends_on": [],
                    "primary": {
                        "id": "vpc-6f3d7608",
                        "attributes": {
                            "id": "vpc-6f3d7608",
                            "ids.#": "6",
                            "ids.1702491091": "subnet-45d93e68",
                            "ids.1931617588": "subnet-ddacd5b8",
                            "ids.2468751513": "subnet-cdbf5b96",
                            "ids.3031749160": "subnet-58749364",
                            "ids.3523595214": "subnet-94aec198",
                            "ids.4068157702": "subnet-747bac3d",
                            "vpc_id": "vpc-6f3d7608"
                        },
                        "meta": {},
                        "tainted": false
                    },
                    "deposed": [],
                    "provider": "provider.aws"
                }
            },
            "depends_on": []
        }
    ]
}
